
Microsoft Visual Studio Solution File, Format Version 12.00
# Visual Studio Version 17
VisualStudioVersion = 17.12.35527.113
MinimumVisualStudioVersion = 10.0.40219.1
Project("{FAE04EC0-301F-11D3-BF4B-00C04F79EFBC}") = "logIn", "logIn\logIn.csproj", "{12A3FF93-AA6E-48B1-B501-486249B607EE}"
EndProject
Project("{FAE04EC0-301F-11D3-BF4B-00C04F79EFBC}") = "dominio", "dominio\dominio.csproj", "{3C8214FD-4B5D-4D26-BE11-4C048843BE58}"
EndProject
Project("{FAE04EC0-301F-11D3-BF4B-00C04F79EFBC}") = "negocio", "negocio\negocio.csproj", "{FA76900E-4148-48D7-9D78-2A099B05ECEC}"
EndProject
Global
	GlobalSection(SolutionConfigurationPlatforms) = preSolution
		Debug|Any CPU = Debug|Any CPU
		Release|Any CPU = Release|Any CPU
	EndGlobalSection
	GlobalSection(ProjectConfigurationPlatforms) = postSolution
		{12A3FF93-AA6E-48B1-B501-486249B607EE}.Debug|Any CPU.ActiveCfg = Debug|Any CPU
		{12A3FF93-AA6E-48B1-B501-486249B607EE}.Debug|Any CPU.Build.0 = Debug|Any CPU
		{12A3FF93-AA6E-48B1-B501-486249B607EE}.Release|Any CPU.ActiveCfg = Release|Any CPU
		{12A3FF93-AA6E-48B1-B501-486249B607EE}.Release|Any CPU.Build.0 = Release|Any CPU
		{3C8214FD-4B5D-4D26-BE11-4C048843BE58}.Debug|Any CPU.ActiveCfg = Debug|Any CPU
		{3C8214FD-4B5D-4D26-BE11-4C048843BE58}.Debug|Any CPU.Build.0 = Debug|Any CPU
		{3C8214FD-4B5D-4D26-BE11-4C048843BE58}.Release|Any CPU.ActiveCfg = Release|Any CPU
		{3C8214FD-4B5D-4D26-BE11-4C048843BE58}.Release|Any CPU.Build.0 = Release|Any CPU
		{FA76900E-4148-48D7-9D78-2A099B05ECEC}.Debug|Any CPU.ActiveCfg = Debug|Any CPU
		{FA76900E-4148-48D7-9D78-2A099B05ECEC}.Debug|Any CPU.Build.0 = Debug|Any CPU
		{FA76900E-4148-48D7-9D78-2A099B05ECEC}.Release|Any CPU.ActiveCfg = Release|Any CPU
		{FA76900E-4148-48D7-9D78-2A099B05ECEC}.Release|Any CPU.Build.0 = Release|Any CPU
	EndGlobalSection
	GlobalSection(SolutionProperties) = preSolution
		HideSolutionNode = FALSE
	EndGlobalSection
EndGlobal
